
Microsoft Visual Studio Solution File, Format Version 11.00
# Visual Studio 2010
Project("{FAE04EC0-301F-11D3-BF4B-00C04F79EFBC}") = "FormsInterop", "FormsInterop\FormsInterop.csproj", "{571203A8-D487-40BD-B1B7-37FA9B9ECD90}"
EndProject
Project("{8BC9CEB8-8B4A-11D0-8D11-00A0C91BC942}") = "Tokenizer", "Tokenizer\Tokenizer.vcxproj", "{AFB13AEC-FE2F-40CF-9946-8637EFF72B47}"
EndProject
Project("{8BC9CEB8-8B4A-11D0-8D11-00A0C91BC942}") = "CppBridge", "CppBridge\CppBridge.vcxproj", "{0754A15C-9363-40F8-A196-1C8FA2197E10}"
EndProject
Project("{FAE04EC0-301F-11D3-BF4B-00C04F79EFBC}") = "WPFinterop", "WPFinterop\WPFinterop.csproj", "{1960DDC8-A580-4680-BF1B-E01CA96AAF9A}"
EndProject
Project("{8BC9CEB8-8B4A-11D0-8D11-00A0C91BC942}") = "CppFormsInterop", "CppFormsInterop\CppFormsInterop.vcxproj", "{F54EDB36-9CA8-4823-BBE9-7A5AD62DB75A}"
EndProject
Global
	GlobalSection(SolutionConfigurationPlatforms) = preSolution
		Debug|Any CPU = Debug|Any CPU
		Debug|Mixed Platforms = Debug|Mixed Platforms
		Debug|Win32 = Debug|Win32
		Release|Any CPU = Release|Any CPU
		Release|Mixed Platforms = Release|Mixed Platforms
		Release|Win32 = Release|Win32
	EndGlobalSection
	GlobalSection(ProjectConfigurationPlatforms) = postSolution
		{571203A8-D487-40BD-B1B7-37FA9B9ECD90}.Debug|Any CPU.ActiveCfg = Debug|Any CPU
		{571203A8-D487-40BD-B1B7-37FA9B9ECD90}.Debug|Any CPU.Build.0 = Debug|Any CPU
		{571203A8-D487-40BD-B1B7-37FA9B9ECD90}.Debug|Mixed Platforms.ActiveCfg = Debug|Any CPU
		{571203A8-D487-40BD-B1B7-37FA9B9ECD90}.Debug|Mixed Platforms.Build.0 = Debug|Any CPU
		{571203A8-D487-40BD-B1B7-37FA9B9ECD90}.Debug|Win32.ActiveCfg = Debug|Any CPU
		{571203A8-D487-40BD-B1B7-37FA9B9ECD90}.Release|Any CPU.ActiveCfg = Release|Any CPU
		{571203A8-D487-40BD-B1B7-37FA9B9ECD90}.Release|Any CPU.Build.0 = Release|Any CPU
		{571203A8-D487-40BD-B1B7-37FA9B9ECD90}.Release|Mixed Platforms.ActiveCfg = Release|Any CPU
		{571203A8-D487-40BD-B1B7-37FA9B9ECD90}.Release|Mixed Platforms.Build.0 = Release|Any CPU
		{571203A8-D487-40BD-B1B7-37FA9B9ECD90}.Release|Win32.ActiveCfg = Release|Any CPU
		{AFB13AEC-FE2F-40CF-9946-8637EFF72B47}.Debug|Any CPU.ActiveCfg = Debug|Win32
		{AFB13AEC-FE2F-40CF-9946-8637EFF72B47}.Debug|Mixed Platforms.ActiveCfg = Debug|Win32
		{AFB13AEC-FE2F-40CF-9946-8637EFF72B47}.Debug|Mixed Platforms.Build.0 = Debug|Win32
		{AFB13AEC-FE2F-40CF-9946-8637EFF72B47}.Debug|Win32.ActiveCfg = Debug|Win32
		{AFB13AEC-FE2F-40CF-9946-8637EFF72B47}.Debug|Win32.Build.0 = Debug|Win32
		{AFB13AEC-FE2F-40CF-9946-8637EFF72B47}.Release|Any CPU.ActiveCfg = Release|Win32
		{AFB13AEC-FE2F-40CF-9946-8637EFF72B47}.Release|Mixed Platforms.ActiveCfg = Release|Win32
		{AFB13AEC-FE2F-40CF-9946-8637EFF72B47}.Release|Mixed Platforms.Build.0 = Release|Win32
		{AFB13AEC-FE2F-40CF-9946-8637EFF72B47}.Release|Win32.ActiveCfg = Release|Win32
		{AFB13AEC-FE2F-40CF-9946-8637EFF72B47}.Release|Win32.Build.0 = Release|Win32
		{0754A15C-9363-40F8-A196-1C8FA2197E10}.Debug|Any CPU.ActiveCfg = Debug|Win32
		{0754A15C-9363-40F8-A196-1C8FA2197E10}.Debug|Mixed Platforms.ActiveCfg = Debug|Win32
		{0754A15C-9363-40F8-A196-1C8FA2197E10}.Debug|Mixed Platforms.Build.0 = Debug|Win32
		{0754A15C-9363-40F8-A196-1C8FA2197E10}.Debug|Win32.ActiveCfg = Debug|Win32
		{0754A15C-9363-40F8-A196-1C8FA2197E10}.Debug|Win32.Build.0 = Debug|Win32
		{0754A15C-9363-40F8-A196-1C8FA2197E10}.Release|Any CPU.ActiveCfg = Release|Win32
		{0754A15C-9363-40F8-A196-1C8FA2197E10}.Release|Mixed Platforms.ActiveCfg = Release|Win32
		{0754A15C-9363-40F8-A196-1C8FA2197E10}.Release|Mixed Platforms.Build.0 = Release|Win32
		{0754A15C-9363-40F8-A196-1C8FA2197E10}.Release|Win32.ActiveCfg = Release|Win32
		{0754A15C-9363-40F8-A196-1C8FA2197E10}.Release|Win32.Build.0 = Release|Win32
		{1960DDC8-A580-4680-BF1B-E01CA96AAF9A}.Debug|Any CPU.ActiveCfg = Debug|Any CPU
		{1960DDC8-A580-4680-BF1B-E01CA96AAF9A}.Debug|Any CPU.Build.0 = Debug|Any CPU
		{1960DDC8-A580-4680-BF1B-E01CA96AAF9A}.Debug|Mixed Platforms.ActiveCfg = Debug|Any CPU
		{1960DDC8-A580-4680-BF1B-E01CA96AAF9A}.Debug|Mixed Platforms.Build.0 = Debug|Any CPU
		{1960DDC8-A580-4680-BF1B-E01CA96AAF9A}.Debug|Win32.ActiveCfg = Debug|Any CPU
		{1960DDC8-A580-4680-BF1B-E01CA96AAF9A}.Release|Any CPU.ActiveCfg = Release|Any CPU
		{1960DDC8-A580-4680-BF1B-E01CA96AAF9A}.Release|Any CPU.Build.0 = Release|Any CPU
		{1960DDC8-A580-4680-BF1B-E01CA96AAF9A}.Release|Mixed Platforms.ActiveCfg = Release|Any CPU
		{1960DDC8-A580-4680-BF1B-E01CA96AAF9A}.Release|Mixed Platforms.Build.0 = Release|Any CPU
		{1960DDC8-A580-4680-BF1B-E01CA96AAF9A}.Release|Win32.ActiveCfg = Release|Any CPU
		{F54EDB36-9CA8-4823-BBE9-7A5AD62DB75A}.Debug|Any CPU.ActiveCfg = Debug|Win32
		{F54EDB36-9CA8-4823-BBE9-7A5AD62DB75A}.Debug|Mixed Platforms.ActiveCfg = Debug|Win32
		{F54EDB36-9CA8-4823-BBE9-7A5AD62DB75A}.Debug|Mixed Platforms.Build.0 = Debug|Win32
		{F54EDB36-9CA8-4823-BBE9-7A5AD62DB75A}.Debug|Win32.ActiveCfg = Debug|Win32
		{F54EDB36-9CA8-4823-BBE9-7A5AD62DB75A}.Debug|Win32.Build.0 = Debug|Win32
		{F54EDB36-9CA8-4823-BBE9-7A5AD62DB75A}.Release|Any CPU.ActiveCfg = Release|Win32
		{F54EDB36-9CA8-4823-BBE9-7A5AD62DB75A}.Release|Mixed Platforms.ActiveCfg = Release|Win32
		{F54EDB36-9CA8-4823-BBE9-7A5AD62DB75A}.Release|Mixed Platforms.Build.0 = Release|Win32
		{F54EDB36-9CA8-4823-BBE9-7A5AD62DB75A}.Release|Win32.ActiveCfg = Release|Win32
		{F54EDB36-9CA8-4823-BBE9-7A5AD62DB75A}.Release|Win32.Build.0 = Release|Win32
	EndGlobalSection
	GlobalSection(SolutionProperties) = preSolution
		HideSolutionNode = FALSE
	EndGlobalSection
EndGlobal
