
Microsoft Visual Studio Solution File, Format Version 11.00
# Visual Studio 2010
Project("{8BC9CEB8-8B4A-11D0-8D11-00A0C91BC942}") = "CppBridge", "CppBridge\CppBridge.vcxproj", "{63FB000B-53FD-487A-AA9F-6C1B91340DE7}"
EndProject
Project("{FAE04EC0-301F-11D3-BF4B-00C04F79EFBC}") = "CSharpClient", "CSharpClient\CSharpClient.csproj", "{EBB6B900-D920-4A90-B4AB-84F2BB89AEA3}"
EndProject
Global
	GlobalSection(SolutionConfigurationPlatforms) = preSolution
		Debug|Mixed Platforms = Debug|Mixed Platforms
		Debug|Win32 = Debug|Win32
		Debug|x86 = Debug|x86
		Release|Mixed Platforms = Release|Mixed Platforms
		Release|Win32 = Release|Win32
		Release|x86 = Release|x86
	EndGlobalSection
	GlobalSection(ProjectConfigurationPlatforms) = postSolution
		{63FB000B-53FD-487A-AA9F-6C1B91340DE7}.Debug|Mixed Platforms.ActiveCfg = Debug|Win32
		{63FB000B-53FD-487A-AA9F-6C1B91340DE7}.Debug|Mixed Platforms.Build.0 = Debug|Win32
		{63FB000B-53FD-487A-AA9F-6C1B91340DE7}.Debug|Win32.ActiveCfg = Debug|Win32
		{63FB000B-53FD-487A-AA9F-6C1B91340DE7}.Debug|Win32.Build.0 = Debug|Win32
		{63FB000B-53FD-487A-AA9F-6C1B91340DE7}.Debug|x86.ActiveCfg = Debug|Win32
		{63FB000B-53FD-487A-AA9F-6C1B91340DE7}.Release|Mixed Platforms.ActiveCfg = Release|Win32
		{63FB000B-53FD-487A-AA9F-6C1B91340DE7}.Release|Mixed Platforms.Build.0 = Release|Win32
		{63FB000B-53FD-487A-AA9F-6C1B91340DE7}.Release|Win32.ActiveCfg = Release|Win32
		{63FB000B-53FD-487A-AA9F-6C1B91340DE7}.Release|Win32.Build.0 = Release|Win32
		{63FB000B-53FD-487A-AA9F-6C1B91340DE7}.Release|x86.ActiveCfg = Release|Win32
		{EBB6B900-D920-4A90-B4AB-84F2BB89AEA3}.Debug|Mixed Platforms.ActiveCfg = Debug|x86
		{EBB6B900-D920-4A90-B4AB-84F2BB89AEA3}.Debug|Mixed Platforms.Build.0 = Debug|x86
		{EBB6B900-D920-4A90-B4AB-84F2BB89AEA3}.Debug|Win32.ActiveCfg = Debug|x86
		{EBB6B900-D920-4A90-B4AB-84F2BB89AEA3}.Debug|x86.ActiveCfg = Debug|x86
		{EBB6B900-D920-4A90-B4AB-84F2BB89AEA3}.Debug|x86.Build.0 = Debug|x86
		{EBB6B900-D920-4A90-B4AB-84F2BB89AEA3}.Release|Mixed Platforms.ActiveCfg = Release|x86
		{EBB6B900-D920-4A90-B4AB-84F2BB89AEA3}.Release|Mixed Platforms.Build.0 = Release|x86
		{EBB6B900-D920-4A90-B4AB-84F2BB89AEA3}.Release|Win32.ActiveCfg = Release|x86
		{EBB6B900-D920-4A90-B4AB-84F2BB89AEA3}.Release|x86.ActiveCfg = Release|x86
		{EBB6B900-D920-4A90-B4AB-84F2BB89AEA3}.Release|x86.Build.0 = Release|x86
	EndGlobalSection
	GlobalSection(SolutionProperties) = preSolution
		HideSolutionNode = FALSE
	EndGlobalSection
EndGlobal
